
Microsoft Visual Studio Solution File, Format Version 12.00
# Visual Studio Version 16
VisualStudioVersion = 16.0.29926.136
MinimumVisualStudioVersion = 10.0.40219.1
Project("{FAE04EC0-301F-11D3-BF4B-00C04F79EFBC}") = "HomeSales", "HomeSales\HomeSales.csproj", "{9E6400A5-9BD1-4311-8AAD-34DCE7169F86}"
EndProject
Global
	GlobalSection(SolutionConfigurationPlatforms) = preSolution
		Debug|Any CPU = Debug|Any CPU
		Release|Any CPU = Release|Any CPU
	EndGlobalSection
	GlobalSection(ProjectConfigurationPlatforms) = postSolution
		{9E6400A5-9BD1-4311-8AAD-34DCE7169F86}.Debug|Any CPU.ActiveCfg = Debug|Any CPU
		{9E6400A5-9BD1-4311-8AAD-34DCE7169F86}.Debug|Any CPU.Build.0 = Debug|Any CPU
		{9E6400A5-9BD1-4311-8AAD-34DCE7169F86}.Release|Any CPU.ActiveCfg = Release|Any CPU
		{9E6400A5-9BD1-4311-8AAD-34DCE7169F86}.Release|Any CPU.Build.0 = Release|Any CPU
	EndGlobalSection
	GlobalSection(SolutionProperties) = preSolution
		HideSolutionNode = FALSE
	EndGlobalSection
	GlobalSection(ExtensibilityGlobals) = postSolution
		SolutionGuid = {E1F2A4BA-AA6B-4823-92B6-9F8F21FDE1C5}
	EndGlobalSection
EndGlobal
